
Microsoft Visual Studio Solution File, Format Version 12.00
# Visual Studio 15
Project("{FAE04EC0-301F-11D3-BF4B-00C04F79EFBC}") = "Assembly-CSharp-firstpass", "Assembly-CSharp-firstpass.csproj", "{2C5F06BE-ADCB-7C94-32C0-0EAF9E368B8E}"
EndProject
Project("{FAE04EC0-301F-11D3-BF4B-00C04F79EFBC}") = "Assembly-CSharp", "Assembly-CSharp.csproj", "{CC82E2D2-F916-FDE5-657D-CE009D2558F5}"
EndProject
Project("{FAE04EC0-301F-11D3-BF4B-00C04F79EFBC}") = "Assembly-CSharp-Editor", "Assembly-CSharp-Editor.csproj", "{BFBC4367-6E27-2A59-C94F-82F20C70677A}"
EndProject
Global
	GlobalSection(SolutionConfigurationPlatforms) = preSolution
		Debug|Any CPU = Debug|Any CPU
		Release|Any CPU = Release|Any CPU
	EndGlobalSection
	GlobalSection(ProjectConfigurationPlatforms) = postSolution
		{2C5F06BE-ADCB-7C94-32C0-0EAF9E368B8E}.Debug|Any CPU.ActiveCfg = Debug|Any CPU
		{2C5F06BE-ADCB-7C94-32C0-0EAF9E368B8E}.Debug|Any CPU.Build.0 = Debug|Any CPU
		{2C5F06BE-ADCB-7C94-32C0-0EAF9E368B8E}.Release|Any CPU.ActiveCfg = Release|Any CPU
		{2C5F06BE-ADCB-7C94-32C0-0EAF9E368B8E}.Release|Any CPU.Build.0 = Release|Any CPU
		{CC82E2D2-F916-FDE5-657D-CE009D2558F5}.Debug|Any CPU.ActiveCfg = Debug|Any CPU
		{CC82E2D2-F916-FDE5-657D-CE009D2558F5}.Debug|Any CPU.Build.0 = Debug|Any CPU
		{CC82E2D2-F916-FDE5-657D-CE009D2558F5}.Release|Any CPU.ActiveCfg = Release|Any CPU
		{CC82E2D2-F916-FDE5-657D-CE009D2558F5}.Release|Any CPU.Build.0 = Release|Any CPU
		{BFBC4367-6E27-2A59-C94F-82F20C70677A}.Debug|Any CPU.ActiveCfg = Debug|Any CPU
		{BFBC4367-6E27-2A59-C94F-82F20C70677A}.Debug|Any CPU.Build.0 = Debug|Any CPU
		{BFBC4367-6E27-2A59-C94F-82F20C70677A}.Release|Any CPU.ActiveCfg = Release|Any CPU
		{BFBC4367-6E27-2A59-C94F-82F20C70677A}.Release|Any CPU.Build.0 = Release|Any CPU
	EndGlobalSection
	GlobalSection(SolutionProperties) = preSolution
		HideSolutionNode = FALSE
	EndGlobalSection
EndGlobal
